{
    "_readme": [
        "This file locks the dependencies of your project to a known state",
        "Read more about it at https://getcomposer.org/doc/01-basic-usage.md#composer-lock-the-lock-file",
        "This file is @generated automatically"
    ],
    "hash": "b994c34c188239b9719cb3ca127ff4a8",
    "content-hash": "4d2261e000f8da4d01ca9c7899fd85a3",
    "packages": [
        {
            "name": "dario_swain/dep",
            "version": "0.3.x-dev",
            "source": {
                "type": "git",
                "url": "https://github.com/DarioSwain/dep.git",
                "reference": "02edb7e44c13f3e2879b9905b85bc8477a37561b"
            },
            "dist": {
                "type": "zip",
                "url": "https://api.github.com/repos/DarioSwain/dep/zipball/02edb7e44c13f3e2879b9905b85bc8477a37561b",
                "reference": "02edb7e44c13f3e2879b9905b85bc8477a37561b",
                "shasum": ""
            },
            "require": {
                "dario_swain/main": "~0.3.0"
            },
            "type": "library",
            "notification-url": "https://packagist.org/downloads/",
            "authors": [
                {
                    "name": "Ilya Pokamestov",
                    "email": "dario_swain@yahoo.com"
                }
            ],
            "time": "2016-06-29 12:10:48"
        },
        {
            "name": "dario_swain/main",
            "version": "dev-release/7.x-0.3",
            "source": {
                "type": "git",
                "url": "https://github.com/DarioSwain/main.git",
                "reference": "3851398e78513b7a7447963cfec3a3559a42a4e4"
            },
            "dist": {
                "type": "zip",
                "url": "https://api.github.com/repos/DarioSwain/main/zipball/3851398e78513b7a7447963cfec3a3559a42a4e4",
                "reference": "3851398e78513b7a7447963cfec3a3559a42a4e4",
                "shasum": ""
            },
            "type": "library",
            "extra": {
                "branch-alias": {
                    "dev-master": "0.3.x-dev"
                }
            },
            "notification-url": "https://packagist.org/downloads/",
            "authors": [
                {
                    "name": "Ilya Pokamestov",
                    "email": "dario_swain@yahoo.com"
                }
            ],
            "time": "2016-06-29 11:59:36"
        }
    ],
    "packages-dev": [],
    "aliases": [
        {
            "alias": "0.3.x-dev",
            "alias_normalized": "0.3.9999999.9999999-dev",
            "version": "dev-release/7.x-0.3",
            "package": "dario_swain/main"
        }
    ],
    "minimum-stability": "dev",
    "stability-flags": {
        "dario_swain/main": 20
    },
    "prefer-stable": false,
    "prefer-lowest": false,
    "platform": [],
    "platform-dev": []
}
