{
    "_readme": [
        "This file locks the dependencies of your project to a known state",
        "Read more about it at https://getcomposer.org/doc/01-basic-usage.md#composer-lock-the-lock-file",
        "This file is @generated automatically"
    ],
    "hash": "02b185809e094090b427d36936b51f9c",
    "content-hash": "71fab42e88c42861ff0ef154f11ea462",
    "packages": [
        {
            "name": "dario_swain/dep",
            "version": "0.2.x-dev",
            "source": {
                "type": "git",
                "url": "https://github.com/DarioSwain/dep.git",
                "reference": "56a8f14fe2c9af4987504893b031468f4a59664a"
            },
            "dist": {
                "type": "zip",
                "url": "https://api.github.com/repos/DarioSwain/dep/zipball/56a8f14fe2c9af4987504893b031468f4a59664a",
                "reference": "56a8f14fe2c9af4987504893b031468f4a59664a",
                "shasum": ""
            },
            "require": {
                "dario_swain/main": "~0.2.0"
            },
            "type": "library",
            "notification-url": "https://packagist.org/downloads/",
            "authors": [
                {
                    "name": "Ilya Pokamestov",
                    "email": "dario_swain@yahoo.com"
                }
            ],
            "time": "2016-06-28 19:54:50"
        },
        {
            "name": "dario_swain/main",
            "version": "0.2.x-dev",
            "source": {
                "type": "git",
                "url": "https://github.com/DarioSwain/main.git",
                "reference": "2ef51cb7b46b503a65b04c76d983a09c249c5232"
            },
            "dist": {
                "type": "zip",
                "url": "https://api.github.com/repos/DarioSwain/main/zipball/2ef51cb7b46b503a65b04c76d983a09c249c5232",
                "reference": "2ef51cb7b46b503a65b04c76d983a09c249c5232",
                "shasum": ""
            },
            "type": "library",
            "extra": {
                "branch-alias": {
                    "dev-master": "0.2.x-dev"
                }
            },
            "notification-url": "https://packagist.org/downloads/",
            "authors": [
                {
                    "name": "Ilya Pokamestov",
                    "email": "dario_swain@yahoo.com"
                }
            ],
            "time": "2016-06-28 19:36:55"
        }
    ],
    "packages-dev": [],
    "aliases": [],
    "minimum-stability": "dev",
    "stability-flags": [],
    "prefer-stable": false,
    "prefer-lowest": false,
    "platform": [],
    "platform-dev": []
}
